
Microsoft Visual Studio Solution File, Format Version 12.00
# Visual Studio Version 16
VisualStudioVersion = 16.0.30330.147
MinimumVisualStudioVersion = 10.0.40219.1
Project("{FAE04EC0-301F-11D3-BF4B-00C04F79EFBC}") = "SalesWebMVC", "SalesWebMVC\SalesWebMVC.csproj", "{3D40FF6A-9230-422C-ADF7-303A04517A1C}"
EndProject
Global
	GlobalSection(SolutionConfigurationPlatforms) = preSolution
		Debug|Any CPU = Debug|Any CPU
		Release|Any CPU = Release|Any CPU
	EndGlobalSection
	GlobalSection(ProjectConfigurationPlatforms) = postSolution
		{3D40FF6A-9230-422C-ADF7-303A04517A1C}.Debug|Any CPU.ActiveCfg = Debug|Any CPU
		{3D40FF6A-9230-422C-ADF7-303A04517A1C}.Debug|Any CPU.Build.0 = Debug|Any CPU
		{3D40FF6A-9230-422C-ADF7-303A04517A1C}.Release|Any CPU.ActiveCfg = Release|Any CPU
		{3D40FF6A-9230-422C-ADF7-303A04517A1C}.Release|Any CPU.Build.0 = Release|Any CPU
	EndGlobalSection
	GlobalSection(SolutionProperties) = preSolution
		HideSolutionNode = FALSE
	EndGlobalSection
	GlobalSection(ExtensibilityGlobals) = postSolution
		SolutionGuid = {B58BF8B6-66DF-49D2-B24E-DD09ACFC8B8A}
	EndGlobalSection
EndGlobal
